
Microsoft Visual Studio Solution File, Format Version 12.00
# Visual Studio Version 17
VisualStudioVersion = 17.4.33110.190
MinimumVisualStudioVersion = 10.0.40219.1
Project("{FAE04EC0-301F-11D3-BF4B-00C04F79EFBC}") = "Demo", "Demo.csproj", "{D46AE4AB-72D8-439A-83BA-FA2E1AF080AD}"
EndProject
Global
	GlobalSection(SolutionConfigurationPlatforms) = preSolution
		Debug|Any CPU = Debug|Any CPU
		Release|Any CPU = Release|Any CPU
	EndGlobalSection
	GlobalSection(ProjectConfigurationPlatforms) = postSolution
		{D46AE4AB-72D8-439A-83BA-FA2E1AF080AD}.Debug|Any CPU.ActiveCfg = Debug|Any CPU
		{D46AE4AB-72D8-439A-83BA-FA2E1AF080AD}.Debug|Any CPU.Build.0 = Debug|Any CPU
		{D46AE4AB-72D8-439A-83BA-FA2E1AF080AD}.Release|Any CPU.ActiveCfg = Release|Any CPU
		{D46AE4AB-72D8-439A-83BA-FA2E1AF080AD}.Release|Any CPU.Build.0 = Release|Any CPU
	EndGlobalSection
	GlobalSection(SolutionProperties) = preSolution
		HideSolutionNode = FALSE
	EndGlobalSection
	GlobalSection(ExtensibilityGlobals) = postSolution
		SolutionGuid = {F40954C5-8CA0-4C43-A5DC-CF646C056F85}
	EndGlobalSection
EndGlobal
